
Microsoft Visual Studio Solution File, Format Version 12.00
# Visual Studio Version 17
VisualStudioVersion = 17.0.31912.275
MinimumVisualStudioVersion = 10.0.40219.1
Project("{FAE04EC0-301F-11D3-BF4B-00C04F79EFBC}") = "Praktika", "Praktika\Praktika.csproj", "{59D78E7B-25C7-46E6-B84F-2A02E2112EB8}"
EndProject
Project("{FAE04EC0-301F-11D3-BF4B-00C04F79EFBC}") = "Задание1.1", "PDF Reader_\Задание1.1.csproj", "{2E364883-DD94-4D94-BABB-0B083FDF8B2E}"
EndProject
Project("{FAE04EC0-301F-11D3-BF4B-00C04F79EFBC}") = "Задание1.2", "Задание1.2\Задание1.2.csproj", "{EEC3DD1D-56FE-4686-92C4-B2CE3FFDA22A}"
EndProject
Project("{FAE04EC0-301F-11D3-BF4B-00C04F79EFBC}") = "WinBackgroundWorker", "WinBackgroundWorker\WinBackgroundWorker.csproj", "{D2CE7190-078E-4C9F-B125-4AEB4B1B2AB9}"
EndProject
Global
	GlobalSection(SolutionConfigurationPlatforms) = preSolution
		Debug|Any CPU = Debug|Any CPU
		Release|Any CPU = Release|Any CPU
	EndGlobalSection
	GlobalSection(ProjectConfigurationPlatforms) = postSolution
		{59D78E7B-25C7-46E6-B84F-2A02E2112EB8}.Debug|Any CPU.ActiveCfg = Debug|Any CPU
		{59D78E7B-25C7-46E6-B84F-2A02E2112EB8}.Debug|Any CPU.Build.0 = Debug|Any CPU
		{59D78E7B-25C7-46E6-B84F-2A02E2112EB8}.Release|Any CPU.ActiveCfg = Release|Any CPU
		{59D78E7B-25C7-46E6-B84F-2A02E2112EB8}.Release|Any CPU.Build.0 = Release|Any CPU
		{2E364883-DD94-4D94-BABB-0B083FDF8B2E}.Debug|Any CPU.ActiveCfg = Debug|Any CPU
		{2E364883-DD94-4D94-BABB-0B083FDF8B2E}.Debug|Any CPU.Build.0 = Debug|Any CPU
		{2E364883-DD94-4D94-BABB-0B083FDF8B2E}.Release|Any CPU.ActiveCfg = Release|Any CPU
		{2E364883-DD94-4D94-BABB-0B083FDF8B2E}.Release|Any CPU.Build.0 = Release|Any CPU
		{EEC3DD1D-56FE-4686-92C4-B2CE3FFDA22A}.Debug|Any CPU.ActiveCfg = Debug|Any CPU
		{EEC3DD1D-56FE-4686-92C4-B2CE3FFDA22A}.Debug|Any CPU.Build.0 = Debug|Any CPU
		{EEC3DD1D-56FE-4686-92C4-B2CE3FFDA22A}.Release|Any CPU.ActiveCfg = Release|Any CPU
		{EEC3DD1D-56FE-4686-92C4-B2CE3FFDA22A}.Release|Any CPU.Build.0 = Release|Any CPU
		{D2CE7190-078E-4C9F-B125-4AEB4B1B2AB9}.Debug|Any CPU.ActiveCfg = Debug|Any CPU
		{D2CE7190-078E-4C9F-B125-4AEB4B1B2AB9}.Debug|Any CPU.Build.0 = Debug|Any CPU
		{D2CE7190-078E-4C9F-B125-4AEB4B1B2AB9}.Release|Any CPU.ActiveCfg = Release|Any CPU
		{D2CE7190-078E-4C9F-B125-4AEB4B1B2AB9}.Release|Any CPU.Build.0 = Release|Any CPU
	EndGlobalSection
	GlobalSection(SolutionProperties) = preSolution
		HideSolutionNode = FALSE
	EndGlobalSection
	GlobalSection(ExtensibilityGlobals) = postSolution
		SolutionGuid = {EA712E27-EC26-4863-A96A-94EE464F43AF}
	EndGlobalSection
EndGlobal
